
Microsoft Visual Studio Solution File, Format Version 12.00
# Visual Studio 15
VisualStudioVersion = 15.0.28010.2026
MinimumVisualStudioVersion = 10.0.40219.1
Project("{FAE04EC0-301F-11D3-BF4B-00C04F79EFBC}") = "Chess", "Chess\Chess.csproj", "{FAED2BC3-C074-475F-833A-56B0735E5758}"
EndProject
Global
	GlobalSection(SolutionConfigurationPlatforms) = preSolution
		Debug|Any CPU = Debug|Any CPU
		Release|Any CPU = Release|Any CPU
	EndGlobalSection
	GlobalSection(ProjectConfigurationPlatforms) = postSolution
		{FAED2BC3-C074-475F-833A-56B0735E5758}.Debug|Any CPU.ActiveCfg = Debug|Any CPU
		{FAED2BC3-C074-475F-833A-56B0735E5758}.Debug|Any CPU.Build.0 = Debug|Any CPU
		{FAED2BC3-C074-475F-833A-56B0735E5758}.Release|Any CPU.ActiveCfg = Release|Any CPU
		{FAED2BC3-C074-475F-833A-56B0735E5758}.Release|Any CPU.Build.0 = Release|Any CPU
	EndGlobalSection
	GlobalSection(SolutionProperties) = preSolution
		HideSolutionNode = FALSE
	EndGlobalSection
	GlobalSection(ExtensibilityGlobals) = postSolution
		SolutionGuid = {4EF5AB27-9514-40E7-A3BF-33845CD573EF}
	EndGlobalSection
EndGlobal
